
Microsoft Visual Studio Solution File, Format Version 12.00
Project("{FAE04EC0-301F-11D3-BF4B-00C04F79EFBC}") = "Clinician-View-Server", "Clinician-View-Server.csproj", "{E41E644F-A0B1-40A7-A03F-A8926A68DE8E}"
EndProject
Global
	GlobalSection(SolutionConfigurationPlatforms) = preSolution
		Debug|Any CPU = Debug|Any CPU
		Release|Any CPU = Release|Any CPU
	EndGlobalSection
	GlobalSection(ProjectConfigurationPlatforms) = postSolution
		{E41E644F-A0B1-40A7-A03F-A8926A68DE8E}.Debug|Any CPU.ActiveCfg = Debug|Any CPU
		{E41E644F-A0B1-40A7-A03F-A8926A68DE8E}.Debug|Any CPU.Build.0 = Debug|Any CPU
		{E41E644F-A0B1-40A7-A03F-A8926A68DE8E}.Release|Any CPU.ActiveCfg = Release|Any CPU
		{E41E644F-A0B1-40A7-A03F-A8926A68DE8E}.Release|Any CPU.Build.0 = Release|Any CPU
	EndGlobalSection
EndGlobal
